
Microsoft Visual Studio Solution File, Format Version 12.00
# Visual Studio Version 16
VisualStudioVersion = 16.0.31105.61
MinimumVisualStudioVersion = 10.0.40219.1
Project("{FAE04EC0-301F-11D3-BF4B-00C04F79EFBC}") = "DoctorWebForum", "DoctorWebForum\DoctorWebForum.csproj", "{474CEA7A-3C8A-40D0-9160-72547CFDE901}"
EndProject
Global
	GlobalSection(SolutionConfigurationPlatforms) = preSolution
		Debug|Any CPU = Debug|Any CPU
		Release|Any CPU = Release|Any CPU
	EndGlobalSection
	GlobalSection(ProjectConfigurationPlatforms) = postSolution
		{474CEA7A-3C8A-40D0-9160-72547CFDE901}.Debug|Any CPU.ActiveCfg = Debug|Any CPU
		{474CEA7A-3C8A-40D0-9160-72547CFDE901}.Debug|Any CPU.Build.0 = Debug|Any CPU
		{474CEA7A-3C8A-40D0-9160-72547CFDE901}.Release|Any CPU.ActiveCfg = Release|Any CPU
		{474CEA7A-3C8A-40D0-9160-72547CFDE901}.Release|Any CPU.Build.0 = Release|Any CPU
	EndGlobalSection
	GlobalSection(SolutionProperties) = preSolution
		HideSolutionNode = FALSE
	EndGlobalSection
	GlobalSection(ExtensibilityGlobals) = postSolution
		SolutionGuid = {EF48D17C-82E6-4A3F-BB03-49F43D444F4F}
	EndGlobalSection
EndGlobal
